
Microsoft Visual Studio Solution File, Format Version 12.00
# Visual Studio Version 16
VisualStudioVersion = 16.0.31727.386
MinimumVisualStudioVersion = 10.0.40219.1
Project("{F2A71F9B-5D33-465A-A702-920D77279786}") = "TwitterServerProject", "TwitterServerProject\TwitterServerProject.fsproj", "{6B396842-DEE9-4AF0-AF55-7408144A3149}"
EndProject
Global
	GlobalSection(SolutionConfigurationPlatforms) = preSolution
		Debug|Any CPU = Debug|Any CPU
		Release|Any CPU = Release|Any CPU
	EndGlobalSection
	GlobalSection(ProjectConfigurationPlatforms) = postSolution
		{6B396842-DEE9-4AF0-AF55-7408144A3149}.Debug|Any CPU.ActiveCfg = Debug|Any CPU
		{6B396842-DEE9-4AF0-AF55-7408144A3149}.Debug|Any CPU.Build.0 = Debug|Any CPU
		{6B396842-DEE9-4AF0-AF55-7408144A3149}.Release|Any CPU.ActiveCfg = Release|Any CPU
		{6B396842-DEE9-4AF0-AF55-7408144A3149}.Release|Any CPU.Build.0 = Release|Any CPU
	EndGlobalSection
	GlobalSection(SolutionProperties) = preSolution
		HideSolutionNode = FALSE
	EndGlobalSection
	GlobalSection(ExtensibilityGlobals) = postSolution
		SolutionGuid = {523DCCA5-AA02-421E-AAA6-F072D1D2BF82}
	EndGlobalSection
EndGlobal
